
Microsoft Visual Studio Solution File, Format Version 12.00
# Visual Studio 2013
VisualStudioVersion = 12.0.21005.1
MinimumVisualStudioVersion = 10.0.40219.1
Project("{FAE04EC0-301F-11D3-BF4B-00C04F79EFBC}") = "lab task 4", "lab task 4\lab task 4.csproj", "{C2B5F4BA-AAD7-415D-8D24-6DACE79D333D}"
EndProject
Global
	GlobalSection(SolutionConfigurationPlatforms) = preSolution
		Debug|Any CPU = Debug|Any CPU
		Release|Any CPU = Release|Any CPU
	EndGlobalSection
	GlobalSection(ProjectConfigurationPlatforms) = postSolution
		{C2B5F4BA-AAD7-415D-8D24-6DACE79D333D}.Debug|Any CPU.ActiveCfg = Debug|Any CPU
		{C2B5F4BA-AAD7-415D-8D24-6DACE79D333D}.Debug|Any CPU.Build.0 = Debug|Any CPU
		{C2B5F4BA-AAD7-415D-8D24-6DACE79D333D}.Release|Any CPU.ActiveCfg = Release|Any CPU
		{C2B5F4BA-AAD7-415D-8D24-6DACE79D333D}.Release|Any CPU.Build.0 = Release|Any CPU
	EndGlobalSection
	GlobalSection(SolutionProperties) = preSolution
		HideSolutionNode = FALSE
	EndGlobalSection
EndGlobal
